
Microsoft Visual Studio Solution File, Format Version 12.00
# Visual Studio Version 17
VisualStudioVersion = 17.14.36414.22 d17.14
MinimumVisualStudioVersion = 10.0.40219.1
Project("{FAE04EC0-301F-11D3-BF4B-00C04F79EFBC}") = "ToDoApp", "ToDoApp\ToDoApp.csproj", "{7F328360-5D7C-430B-8EA0-F82B25CE65BD}"
EndProject
Global
	GlobalSection(SolutionConfigurationPlatforms) = preSolution
		Debug|Any CPU = Debug|Any CPU
		Release|Any CPU = Release|Any CPU
	EndGlobalSection
	GlobalSection(ProjectConfigurationPlatforms) = postSolution
		{7F328360-5D7C-430B-8EA0-F82B25CE65BD}.Debug|Any CPU.ActiveCfg = Debug|Any CPU
		{7F328360-5D7C-430B-8EA0-F82B25CE65BD}.Debug|Any CPU.Build.0 = Debug|Any CPU
		{7F328360-5D7C-430B-8EA0-F82B25CE65BD}.Release|Any CPU.ActiveCfg = Release|Any CPU
		{7F328360-5D7C-430B-8EA0-F82B25CE65BD}.Release|Any CPU.Build.0 = Release|Any CPU
	EndGlobalSection
	GlobalSection(SolutionProperties) = preSolution
		HideSolutionNode = FALSE
	EndGlobalSection
	GlobalSection(ExtensibilityGlobals) = postSolution
		SolutionGuid = {A81996C0-3404-4710-9E1F-FDDA6EE3B5BE}
	EndGlobalSection
EndGlobal
